
Microsoft Visual Studio Solution File, Format Version 12.00
# Visual Studio 15
VisualStudioVersion = 15.0.28307.779
MinimumVisualStudioVersion = 10.0.40219.1
Project("{FAE04EC0-301F-11D3-BF4B-00C04F79EFBC}") = "MusicianDirectory", "MusicianDirectory\MusicianDirectory.csproj", "{E6EDC1CF-0A7B-4809-8A49-39BD199C5946}"
EndProject
Global
	GlobalSection(SolutionConfigurationPlatforms) = preSolution
		Debug|Any CPU = Debug|Any CPU
		Release|Any CPU = Release|Any CPU
	EndGlobalSection
	GlobalSection(ProjectConfigurationPlatforms) = postSolution
		{E6EDC1CF-0A7B-4809-8A49-39BD199C5946}.Debug|Any CPU.ActiveCfg = Debug|Any CPU
		{E6EDC1CF-0A7B-4809-8A49-39BD199C5946}.Debug|Any CPU.Build.0 = Debug|Any CPU
		{E6EDC1CF-0A7B-4809-8A49-39BD199C5946}.Release|Any CPU.ActiveCfg = Release|Any CPU
		{E6EDC1CF-0A7B-4809-8A49-39BD199C5946}.Release|Any CPU.Build.0 = Release|Any CPU
	EndGlobalSection
	GlobalSection(SolutionProperties) = preSolution
		HideSolutionNode = FALSE
	EndGlobalSection
	GlobalSection(ExtensibilityGlobals) = postSolution
		SolutionGuid = {BDD822D6-8AB4-4350-AB04-D9024262707B}
	EndGlobalSection
EndGlobal
